Microsoft Visual Studio Solution File, Format Version 12.00
# Visual Studio Version 17
VisualStudioVersion = 17.0.31903.59
MinimumVisualStudioVersion = 10.0.40219.1
Project("{FAE04EC0-301F-11D3-BF4B-00C04F79EFBC}") = "OrderApp.Domain", "OrderApp.Domain\OrderApp.Domain.csproj", "{B2E3D7F1-1234-5678-9012-123456789ABC}"
EndProject
Project("{FAE04EC0-301F-11D3-BF4B-00C04F79EFBC}") = "OrderApp.Domain.Tests", "OrderApp.Domain.Tests\OrderApp.Domain.Tests.csproj", "{C3F4E8G2-2345-6789-0123-234567890DEF}"
EndProject
Global
	GlobalSection(SolutionConfigurationPlatforms) = preSolution
		Debug|Any CPU = Debug|Any CPU
		Release|Any CPU = Release|Any CPU
	EndGlobalSection
	GlobalSection(ProjectConfigurationPlatforms) = postSolution
		{B2E3D7F1-1234-5678-9012-123456789ABC}.Debug|Any CPU.ActiveCfg = Debug|Any CPU
		{B2E3D7F1-1234-5678-9012-123456789ABC}.Debug|Any CPU.Build.0 = Debug|Any CPU
		{B2E3D7F1-1234-5678-9012-123456789ABC}.Release|Any CPU.ActiveCfg = Release|Any CPU
		{B2E3D7F1-1234-5678-9012-123456789ABC}.Release|Any CPU.Build.0 = Release|Any CPU
		{C3F4E8G2-2345-6789-0123-234567890DEF}.Debug|Any CPU.ActiveCfg = Debug|Any CPU
		{C3F4E8G2-2345-6789-0123-234567890DEF}.Debug|Any CPU.Build.0 = Debug|Any CPU
		{C3F4E8G2-2345-6789-0123-234567890DEF}.Release|Any CPU.ActiveCfg = Release|Any CPU
		{C3F4E8G2-2345-6789-0123-234567890DEF}.Release|Any CPU.Build.0 = Release|Any CPU
	EndGlobalSection
EndGlobal